
Microsoft Visual Studio Solution File, Format Version 12.00
# Visual Studio Version 16
VisualStudioVersion = 16.0.30114.105
MinimumVisualStudioVersion = 10.0.40219.1
Project("{9A19103F-16F7-4668-BE54-9A1E7A4F7556}") = "Gateway", "Gateway\Gateway.csproj", "{6552E308-710B-4AF8-AB86-62E63610A150}"
EndProject
Project("{9A19103F-16F7-4668-BE54-9A1E7A4F7556}") = "MicroService1", "MicroService1\MicroService1.csproj", "{863E06B8-0729-4D8F-9081-2296BDDA0C5F}"
EndProject
Project("{9A19103F-16F7-4668-BE54-9A1E7A4F7556}") = "MicroService2", "MicroService2\MicroService2.csproj", "{FD73F359-A54E-447D-936E-F9CEF6C7C16E}"
EndProject
Project("{9A19103F-16F7-4668-BE54-9A1E7A4F7556}") = "MicroService3", "MicroService3\MicroService3.csproj", "{0D90AF53-8621-4F3A-8832-4C26208FD80F}"
EndProject
Project("{9A19103F-16F7-4668-BE54-9A1E7A4F7556}") = "Extends", "Extends\Extends.csproj", "{B228B60D-866A-4DBF-A23D-396E4B7BBB4F}"
EndProject
Project("{9A19103F-16F7-4668-BE54-9A1E7A4F7556}") = "IdentityServer", "IdentityServer\IdentityServer.csproj", "{A4C8A9A8-A2AC-4C37-81B1-9688C00B6DD4}"
EndProject
Project("{9A19103F-16F7-4668-BE54-9A1E7A4F7556}") = "Api", "Api\Api.csproj", "{E0AA38E5-99E2-413C-8DA3-6076E287ACC7}"
EndProject
Project("{9A19103F-16F7-4668-BE54-9A1E7A4F7556}") = "Client", "Client\Client.csproj", "{5766F4B1-D322-436B-9347-DFF0A4E7B3D8}"
EndProject
Global
	GlobalSection(SolutionConfigurationPlatforms) = preSolution
		Debug|Any CPU = Debug|Any CPU
		Release|Any CPU = Release|Any CPU
	EndGlobalSection
	GlobalSection(ProjectConfigurationPlatforms) = postSolution
		{6552E308-710B-4AF8-AB86-62E63610A150}.Debug|Any CPU.ActiveCfg = Debug|Any CPU
		{6552E308-710B-4AF8-AB86-62E63610A150}.Debug|Any CPU.Build.0 = Debug|Any CPU
		{6552E308-710B-4AF8-AB86-62E63610A150}.Release|Any CPU.ActiveCfg = Release|Any CPU
		{6552E308-710B-4AF8-AB86-62E63610A150}.Release|Any CPU.Build.0 = Release|Any CPU
		{863E06B8-0729-4D8F-9081-2296BDDA0C5F}.Debug|Any CPU.ActiveCfg = Debug|Any CPU
		{863E06B8-0729-4D8F-9081-2296BDDA0C5F}.Debug|Any CPU.Build.0 = Debug|Any CPU
		{863E06B8-0729-4D8F-9081-2296BDDA0C5F}.Release|Any CPU.ActiveCfg = Release|Any CPU
		{863E06B8-0729-4D8F-9081-2296BDDA0C5F}.Release|Any CPU.Build.0 = Release|Any CPU
		{FD73F359-A54E-447D-936E-F9CEF6C7C16E}.Debug|Any CPU.ActiveCfg = Debug|Any CPU
		{FD73F359-A54E-447D-936E-F9CEF6C7C16E}.Debug|Any CPU.Build.0 = Debug|Any CPU
		{FD73F359-A54E-447D-936E-F9CEF6C7C16E}.Release|Any CPU.ActiveCfg = Release|Any CPU
		{FD73F359-A54E-447D-936E-F9CEF6C7C16E}.Release|Any CPU.Build.0 = Release|Any CPU
		{0D90AF53-8621-4F3A-8832-4C26208FD80F}.Debug|Any CPU.ActiveCfg = Debug|Any CPU
		{0D90AF53-8621-4F3A-8832-4C26208FD80F}.Debug|Any CPU.Build.0 = Debug|Any CPU
		{0D90AF53-8621-4F3A-8832-4C26208FD80F}.Release|Any CPU.ActiveCfg = Release|Any CPU
		{0D90AF53-8621-4F3A-8832-4C26208FD80F}.Release|Any CPU.Build.0 = Release|Any CPU
		{B228B60D-866A-4DBF-A23D-396E4B7BBB4F}.Debug|Any CPU.ActiveCfg = Debug|Any CPU
		{B228B60D-866A-4DBF-A23D-396E4B7BBB4F}.Debug|Any CPU.Build.0 = Debug|Any CPU
		{B228B60D-866A-4DBF-A23D-396E4B7BBB4F}.Release|Any CPU.ActiveCfg = Release|Any CPU
		{B228B60D-866A-4DBF-A23D-396E4B7BBB4F}.Release|Any CPU.Build.0 = Release|Any CPU
		{A4C8A9A8-A2AC-4C37-81B1-9688C00B6DD4}.Debug|Any CPU.ActiveCfg = Debug|Any CPU
		{A4C8A9A8-A2AC-4C37-81B1-9688C00B6DD4}.Debug|Any CPU.Build.0 = Debug|Any CPU
		{A4C8A9A8-A2AC-4C37-81B1-9688C00B6DD4}.Release|Any CPU.ActiveCfg = Release|Any CPU
		{A4C8A9A8-A2AC-4C37-81B1-9688C00B6DD4}.Release|Any CPU.Build.0 = Release|Any CPU
		{E0AA38E5-99E2-413C-8DA3-6076E287ACC7}.Debug|Any CPU.ActiveCfg = Debug|Any CPU
		{E0AA38E5-99E2-413C-8DA3-6076E287ACC7}.Debug|Any CPU.Build.0 = Debug|Any CPU
		{E0AA38E5-99E2-413C-8DA3-6076E287ACC7}.Release|Any CPU.ActiveCfg = Release|Any CPU
		{E0AA38E5-99E2-413C-8DA3-6076E287ACC7}.Release|Any CPU.Build.0 = Release|Any CPU
		{5766F4B1-D322-436B-9347-DFF0A4E7B3D8}.Debug|Any CPU.ActiveCfg = Debug|Any CPU
		{5766F4B1-D322-436B-9347-DFF0A4E7B3D8}.Debug|Any CPU.Build.0 = Debug|Any CPU
		{5766F4B1-D322-436B-9347-DFF0A4E7B3D8}.Release|Any CPU.ActiveCfg = Release|Any CPU
		{5766F4B1-D322-436B-9347-DFF0A4E7B3D8}.Release|Any CPU.Build.0 = Release|Any CPU
	EndGlobalSection
	GlobalSection(SolutionProperties) = preSolution
		HideSolutionNode = FALSE
	EndGlobalSection
	GlobalSection(ExtensibilityGlobals) = postSolution
		SolutionGuid = {19617F70-B314-4B11-B604-A26193E2197D}
	EndGlobalSection
EndGlobal
